
Microsoft Visual Studio Solution File, Format Version 12.00
# Visual Studio Version 17
VisualStudioVersion = 17.6.33829.357
MinimumVisualStudioVersion = 10.0.40219.1
Project("{FAE04EC0-301F-11D3-BF4B-00C04F79EFBC}") = "WebPrinter", "WebPrinter.csproj", "{0069D7EC-3BA9-4C96-ACE0-0D36A5AECDAE}"
EndProject
Global
	GlobalSection(SolutionConfigurationPlatforms) = preSolution
		Debug|Any CPU = Debug|Any CPU
		Release|Any CPU = Release|Any CPU
	EndGlobalSection
	GlobalSection(ProjectConfigurationPlatforms) = postSolution
		{0069D7EC-3BA9-4C96-ACE0-0D36A5AECDAE}.Debug|Any CPU.ActiveCfg = Debug|Any CPU
		{0069D7EC-3BA9-4C96-ACE0-0D36A5AECDAE}.Debug|Any CPU.Build.0 = Debug|Any CPU
		{0069D7EC-3BA9-4C96-ACE0-0D36A5AECDAE}.Release|Any CPU.ActiveCfg = Release|Any CPU
		{0069D7EC-3BA9-4C96-ACE0-0D36A5AECDAE}.Release|Any CPU.Build.0 = Release|Any CPU
	EndGlobalSection
	GlobalSection(SolutionProperties) = preSolution
		HideSolutionNode = FALSE
	EndGlobalSection
	GlobalSection(ExtensibilityGlobals) = postSolution
		SolutionGuid = {DAB59A76-DA29-4278-BD67-8236BCEBADC5}
	EndGlobalSection
EndGlobal
